
Microsoft Visual Studio Solution File, Format Version 12.00
# Visual Studio Version 17
VisualStudioVersion = 17.4.33213.308
MinimumVisualStudioVersion = 10.0.40219.1
Project("{FAE04EC0-301F-11D3-BF4B-00C04F79EFBC}") = "SP2023-Assignment1-selkins", "SP2023-Assignment1-selkins\SP2023-Assignment1-selkins.csproj", "{6FE595DE-BF7B-407B-B3FD-083E9798F886}"
EndProject
Global
	GlobalSection(SolutionConfigurationPlatforms) = preSolution
		Debug|Any CPU = Debug|Any CPU
		Release|Any CPU = Release|Any CPU
	EndGlobalSection
	GlobalSection(ProjectConfigurationPlatforms) = postSolution
		{6FE595DE-BF7B-407B-B3FD-083E9798F886}.Debug|Any CPU.ActiveCfg = Debug|Any CPU
		{6FE595DE-BF7B-407B-B3FD-083E9798F886}.Debug|Any CPU.Build.0 = Debug|Any CPU
		{6FE595DE-BF7B-407B-B3FD-083E9798F886}.Release|Any CPU.ActiveCfg = Release|Any CPU
		{6FE595DE-BF7B-407B-B3FD-083E9798F886}.Release|Any CPU.Build.0 = Release|Any CPU
	EndGlobalSection
	GlobalSection(SolutionProperties) = preSolution
		HideSolutionNode = FALSE
	EndGlobalSection
	GlobalSection(ExtensibilityGlobals) = postSolution
		SolutionGuid = {6CC22193-C42B-43C0-8A20-2D8ADA5595F7}
	EndGlobalSection
EndGlobal
